# This file is autogenerated, do not edit; changes may be undone by the next 'dep ensure'.


[[projects]]
  name = "github.com/digitalocean/godo"
  packages = ["."]
  revision = "2a0d64a42bb60a95677748a4d5729af6184330b4"
  version = "v0.9.0"

[[projects]]
  name = "github.com/golang/protobuf"
  packages = ["proto"]
  revision = "0c1f6d65b5a189c2250d10e71a5506f06f9fa0a0"

[[projects]]
  branch = "master"
  name = "github.com/google/go-querystring"
  packages = ["query"]
  revision = "53e6ce116135b80d037921a7fdd5138cf32d7a8a"

[[projects]]
  name = "github.com/jpillora/backoff"
  packages = ["."]
  revision = "06c7a16c845dc8e0bf575fafeeca0f5462f5eb4d"

[[projects]]
  branch = "master"
  name = "github.com/rdegges/go-ipify"
  packages = ["."]
  revision = "2d94a6a86c4055118cc30fae2aaed47ec01f2210"

[[projects]]
  branch = "master"
  name = "github.com/tent/http-link-go"
  packages = ["."]
  revision = "ac974c61c2f990f4115b119354b5e0b47550e888"

[[projects]]
  name = "golang.org/x/net"
  packages = ["context"]
  revision = "1d9fd3b8333e891c0e7353e1adcfe8a612573033"

[[projects]]
  name = "golang.org/x/oauth2"
  packages = [".","internal"]
  revision = "e7a48207996f497ea86f5736d08d99d45c0b6461"

[[projects]]
  name = "google.golang.org/appengine"
  packages = ["internal","internal/base","internal/datastore","internal/log","internal/remote_api","internal/urlfetch","urlfetch"]
  revision = "170382fa85b10b94728989dfcf6cc818b335c952"

[solve-meta]
  analyzer-name = "dep"
  analyzer-version = 1
  inputs-digest = "012329456e36139ec4ca400f078bea58549ffa054f36cee413b0816a157c4b2d"
  solver-name = "gps-cdcl"
  solver-version = 1
